// !$*UTF8*$!
{
	archiveVersion = 1;
	classes = {
	};
	objectVersion = 46;
	objects = {

/* Begin PBXBuildFile section */
		EB1F76AF1F217802004C4E1F /* first.PNG in Resources */ = {isa = PBXBuildFile; fileRef = EB1F76AC1F217802004C4E1F /* first.PNG */; };
		EB1F76B01F217802004C4E1F /* second.PNG in Resources */ = {isa = PBXBuildFile; fileRef = EB1F76AD1F217802004C4E1F /* second.PNG */; };
		EB1F76B11F217802004C4E1F /* third.PNG in Resources */ = {isa = PBXBuildFile; fileRef = EB1F76AE1F217802004C4E1F /* third.PNG */; };
		EB8BBADA1F208934002A2121 /* AppDelegate.swift in Sources */ = {isa = PBXBuildFile; fileRef = EB8BBAD91F208934002A2121 /* AppDelegate.swift */; };
		EB8BBADC1F208934002A2121 /* ViewController.swift in Sources */ = {isa = PBXBuildFile; fileRef = EB8BBADB1F208934002A2121 /* ViewController.swift */; };
		EB8BBADF1F208934002A2121 /* Main.storyboard in Resources */ = {isa = PBXBuildFile; fileRef = EB8BBADD1F208934002A2121 /* Main.storyboard */; };
		EB8BBAE11F208934002A2121 /* Assets.xcassets in Resources */ = {isa = PBXBuildFile; fileRef = EB8BBAE01F208934002A2121 /* Assets.xcassets */; };
		EB8BBAE41F208934002A2121 /* LaunchScreen.storyboard in Resources */ = {isa = PBXBuildFile; fileRef = EB8BBAE21F208934002A2121 /* LaunchScreen.storyboard */; };
		EB8BBAEF1F208934002A2121 /* SlideshowAppTests.swift in Sources */ = {isa = PBXBuildFile; fileRef = EB8BBAEE1F208934002A2121 /* SlideshowAppTests.swift */; };
		EB8BBAFA1F208934002A2121 /* SlideshowAppUITests.swift in Sources */ = {isa = PBXBuildFile; fileRef = EB8BBAF91F208934002A2121 /* SlideshowAppUITests.swift */; };
		EB8BBB081F20947A002A2121 /* SingleImageViewController.swift in Sources */ = {isa = PBXBuildFile; fileRef = EB8BBB071F20947A002A2121 /* SingleImageViewController.swift */; };
/* End PBXBuildFile section */

/* Begin PBXContainerItemProxy section */
		EB8BBAEB1F208934002A2121 /* PBXContainerItemProxy */ = {
			isa = PBXContainerItemProxy;
			containerPortal = EB8BBACE1F208934002A2121 /* Project object */;
			proxyType = 1;
			remoteGlobalIDString = EB8BBAD51F208934002A2121;
			remoteInfo = SlideshowApp;
		};
		EB8BBAF61F208934002A2121 /* PBXContainerItemProxy */ = {
			isa = PBXContainerItemProxy;
			containerPortal = EB8BBACE1F208934002A2121 /* Project object */;
			proxyType = 1;
			remoteGlobalIDString = EB8BBAD51F208934002A2121;
			remoteInfo = SlideshowApp;
		};
/* End PBXContainerItemProxy section */

/* Begin PBXFileReference section */
		EB1F76AC1F217802004C4E1F /* first.PNG */ = {isa = PBXFileReference; lastKnownFileType = image.png; path = first.PNG; sourceTree = "<group>"; };
		EB1F76AD1F217802004C4E1F /* second.PNG */ = {isa = PBXFileReference; lastKnownFileType = image.png; path = second.PNG; sourceTree = "<group>"; };
		EB1F76AE1F217802004C4E1F /* third.PNG */ = {isa = PBXFileReference; lastKnownFileType = image.png; path = third.PNG; sourceTree = "<group>"; };
		EB8BBAD61F208934002A2121 /* SlideshowApp.app */ = {isa = PBXFileReference; explicitFileType = wrapper.application; includeInIndex = 0; path = SlideshowApp.app; sourceTree = BUILT_PRODUCTS_DIR; };
		EB8BBAD91F208934002A2121 /* AppDelegate.swift */ = {isa = PBXFileReference; lastKnownFileType = sourcecode.swift; path = AppDelegate.swift; sourceTree = "<group>"; };
		EB8BBADB1F208934002A2121 /* ViewController.swift */ = {isa = PBXFileReference; lastKnownFileType = sourcecode.swift; path = ViewController.swift; sourceTree = "<group>"; };
		EB8BBADE1F208934002A2121 /* Base */ = {isa = PBXFileReference; lastKnownFileType = file.storyboard; name = Base; path = Base.lproj/Main.storyboard; sourceTree = "<group>"; };
		EB8BBAE01F208934002A2121 /* Assets.xcassets */ = {isa = PBXFileReference; lastKnownFileType = folder.assetcatalog; path = Assets.xcassets; sourceTree = "<group>"; };
		EB8BBAE31F208934002A2121 /* Base */ = {isa = PBXFileReference; lastKnownFileType = file.storyboard; name = Base; path = Base.lproj/LaunchScreen.storyboard; sourceTree = "<group>"; };
		EB8BBAE51F208934002A2121 /* Info.plist */ = {isa = PBXFileReference; lastKnownFileType = text.plist.xml; path = Info.plist; sourceTree = "<group>"; };
		EB8BBAEA1F208934002A2121 /* SlideshowAppTests.xctest */ = {isa = PBXFileReference; explicitFileType = wrapper.cfbundle; includeInIndex = 0; path = SlideshowAppTests.xctest; sourceTree = BUILT_PRODUCTS_DIR; };
		EB8BBAEE1F208934002A2121 /* SlideshowAppTests.swift */ = {isa = PBXFileReference; lastKnownFileType = sourcecode.swift; path = SlideshowAppTests.swift; sourceTree = "<group>"; };
		EB8BBAF01F208934002A2121 /* Info.plist */ = {isa = PBXFileReference; lastKnownFileType = text.plist.xml; path = Info.plist; sourceTree = "<group>"; };
		EB8BBAF51F208934002A2121 /* SlideshowAppUITests.xctest */ = {isa = PBXFileReference; explicitFileType = wrapper.cfbundle; includeInIndex = 0; path = SlideshowAppUITests.xctest; sourceTree = BUILT_PRODUCTS_DIR; };
		EB8BBAF91F208934002A2121 /* SlideshowAppUITests.swift */ = {isa = PBXFileReference; lastKnownFileType = sourcecode.swift; path = SlideshowAppUITests.swift; sourceTree = "<group>"; };
		EB8BBAFB1F208934002A2121 /* Info.plist */ = {isa = PBXFileReference; lastKnownFileType = text.plist.xml; path = Info.plist; sourceTree = "<group>"; };
		EB8BBB071F20947A002A2121 /* SingleImageViewController.swift */ = {isa = PBXFileReference; fileEncoding = 4; lastKnownFileType = sourcecode.swift; path = SingleImageViewController.swift; sourceTree = "<group>"; };
/* End PBXFileReference section */

/* Begin PBXFrameworksBuildPhase section */
		EB8BBAD31F208934002A2121 /* Frameworks */ = {
			isa = PBXFrameworksBuildPhase;
			buildActionMask = 2147483647;
			files = (
			);
			runOnlyForDeploymentPostprocessing = 0;
		};
		EB8BBAE71F208934002A2121 /* Frameworks */ = {
			isa = PBXFrameworksBuildPhase;
			buildActionMask = 2147483647;
			files = (
			);
			runOnlyForDeploymentPostprocessing = 0;
		};
		EB8BBAF21F208934002A2121 /* Frameworks */ = {
			isa = PBXFrameworksBuildPhase;
			buildActionMask = 2147483647;
			files = (
			);
			runOnlyForDeploymentPostprocessing = 0;
		};
/* End PBXFrameworksBuildPhase section */

/* Begin PBXGroup section */
		EB8BBACD1F208934002A2121 = {
			isa = PBXGroup;
			children = (
				EB8BBAD81F208934002A2121 /* SlideshowApp */,
				EB8BBAED1F208934002A2121 /* SlideshowAppTests */,
				EB8BBAF81F208934002A2121 /* SlideshowAppUITests */,
				EB8BBAD71F208934002A2121 /* Products */,
			);
			sourceTree = "<group>";
		};
		EB8BBAD71F208934002A2121 /* Products */ = {
			isa = PBXGroup;
			children = (
				EB8BBAD61F208934002A2121 /* SlideshowApp.app */,
				EB8BBAEA1F208934002A2121 /* SlideshowAppTests.xctest */,
				EB8BBAF51F208934002A2121 /* SlideshowAppUITests.xctest */,
			);
			name = Products;
			sourceTree = "<group>";
		};
		EB8BBAD81F208934002A2121 /* SlideshowApp */ = {
			isa = PBXGroup;
			children = (
				EB8BBAD91F208934002A2121 /* AppDelegate.swift */,
				EB8BBADB1F208934002A2121 /* ViewController.swift */,
				EB8BBADD1F208934002A2121 /* Main.storyboard */,
				EB8BBAE01F208934002A2121 /* Assets.xcassets */,
				EB8BBAE21F208934002A2121 /* LaunchScreen.storyboard */,
				EB8BBAE51F208934002A2121 /* Info.plist */,
				EB8BBB071F20947A002A2121 /* SingleImageViewController.swift */,
				EB1F76AC1F217802004C4E1F /* first.PNG */,
				EB1F76AD1F217802004C4E1F /* second.PNG */,
				EB1F76AE1F217802004C4E1F /* third.PNG */,
			);
			path = SlideshowApp;
			sourceTree = "<group>";
		};
		EB8BBAED1F208934002A2121 /* SlideshowAppTests */ = {
			isa = PBXGroup;
			children = (
				EB8BBAEE1F208934002A2121 /* SlideshowAppTests.swift */,
				EB8BBAF01F208934002A2121 /* Info.plist */,
			);
			path = SlideshowAppTests;
			sourceTree = "<group>";
		};
		EB8BBAF81F208934002A2121 /* SlideshowAppUITests */ = {
			isa = PBXGroup;
			children = (
				EB8BBAF91F208934002A2121 /* SlideshowAppUITests.swift */,
				EB8BBAFB1F208934002A2121 /* Info.plist */,
			);
			path = SlideshowAppUITests;
			sourceTree = "<group>";
		};
/* End PBXGroup section */

/* Begin PBXNativeTarget section */
		EB8BBAD51F208934002A2121 /* SlideshowApp */ = {
			isa = PBXNativeTarget;
			buildConfigurationList = EB8BBAFE1F208934002A2121 /* Build configuration list for PBXNativeTarget "SlideshowApp" */;
			buildPhases = (
				EB8BBAD21F208934002A2121 /* Sources */,
				EB8BBAD31F208934002A2121 /* Frameworks */,
				EB8BBAD41F208934002A2121 /* Resources */,
			);
			buildRules = (
			);
			dependencies = (
			);
			name = SlideshowApp;
			productName = SlideshowApp;
			productReference = EB8BBAD61F208934002A2121 /* SlideshowApp.app */;
			productType = "com.apple.product-type.application";
		};
		EB8BBAE91F208934002A2121 /* SlideshowAppTests */ = {
			isa = PBXNativeTarget;
			buildConfigurationList = EB8BBB011F208934002A2121 /* Build configuration list for PBXNativeTarget "SlideshowAppTests" */;
			buildPhases = (
				EB8BBAE61F208934002A2121 /* Sources */,
				EB8BBAE71F208934002A2121 /* Frameworks */,
				EB8BBAE81F208934002A2121 /* Resources */,
			);
			buildRules = (
			);
			dependencies = (
				EB8BBAEC1F208934002A2121 /* PBXTargetDependency */,
			);
			name = SlideshowAppTests;
			productName = SlideshowAppTests;
			productReference = EB8BBAEA1F208934002A2121 /* SlideshowAppTests.xctest */;
			productType = "com.apple.product-type.bundle.unit-test";
		};
		EB8BBAF41F208934002A2121 /* SlideshowAppUITests */ = {
			isa = PBXNativeTarget;
			buildConfigurationList = EB8BBB041F208934002A2121 /* Build configuration list for PBXNativeTarget "SlideshowAppUITests" */;
			buildPhases = (
				EB8BBAF11F208934002A2121 /* Sources */,
				EB8BBAF21F208934002A2121 /* Frameworks */,
				EB8BBAF31F208934002A2121 /* Resources */,
			);
			buildRules = (
			);
			dependencies = (
				EB8BBAF71F208934002A2121 /* PBXTargetDependency */,
			);
			name = SlideshowAppUITests;
			productName = SlideshowAppUITests;
			productReference = EB8BBAF51F208934002A2121 /* SlideshowAppUITests.xctest */;
			productType = "com.apple.product-type.bundle.ui-testing";
		};
/* End PBXNativeTarget section */

/* Begin PBXProject section */
		EB8BBACE1F208934002A2121 /* Project object */ = {
			isa = PBXProject;
			attributes = {
				LastSwiftUpdateCheck = 0830;
				LastUpgradeCheck = 0830;
				ORGANIZATIONNAME = DesMatsue;
				TargetAttributes = {
					EB8BBAD51F208934002A2121 = {
						CreatedOnToolsVersion = 8.3.3;
						ProvisioningStyle = Automatic;
					};
					EB8BBAE91F208934002A2121 = {
						CreatedOnToolsVersion = 8.3.3;
						ProvisioningStyle = Automatic;
						TestTargetID = EB8BBAD51F208934002A2121;
					};
					EB8BBAF41F208934002A2121 = {
						CreatedOnToolsVersion = 8.3.3;
						ProvisioningStyle = Automatic;
						TestTargetID = EB8BBAD51F208934002A2121;
					};
				};
			};
			buildConfigurationList = EB8BBAD11F208934002A2121 /* Build configuration list for PBXProject "SlideshowApp" */;
			compatibilityVersion = "Xcode 3.2";
			developmentRegion = English;
			hasScannedForEncodings = 0;
			knownRegions = (
				en,
				Base,
			);
			mainGroup = EB8BBACD1F208934002A2121;
			productRefGroup = EB8BBAD71F208934002A2121 /* Products */;
			projectDirPath = "";
			projectRoot = "";
			targets = (
				EB8BBAD51F208934002A2121 /* SlideshowApp */,
				EB8BBAE91F208934002A2121 /* SlideshowAppTests */,
				EB8BBAF41F208934002A2121 /* SlideshowAppUITests */,
			);
		};
/* End PBXProject section */

/* Begin PBXResourcesBuildPhase section */
		EB8BBAD41F208934002A2121 /* Resources */ = {
			isa = PBXResourcesBuildPhase;
			buildActionMask = 2147483647;
			files = (
				EB1F76AF1F217802004C4E1F /* first.PNG in Resources */,
				EB8BBAE41F208934002A2121 /* LaunchScreen.storyboard in Resources */,
				EB8BBAE11F208934002A2121 /* Assets.xcassets in Resources */,
				EB8BBADF1F208934002A2121 /* Main.storyboard in Resources */,
				EB1F76B01F217802004C4E1F /* second.PNG in Resources */,
				EB1F76B11F217802004C4E1F /* third.PNG in Resources */,
			);
			runOnlyForDeploymentPostprocessing = 0;
		};
		EB8BBAE81F208934002A2121 /* Resources */ = {
			isa = PBXResourcesBuildPhase;
			buildActionMask = 2147483647;
			files = (
			);
			runOnlyForDeploymentPostprocessing = 0;
		};
		EB8BBAF31F208934002A2121 /* Resources */ = {
			isa = PBXResourcesBuildPhase;
			buildActionMask = 2147483647;
			files = (
			);
			runOnlyForDeploymentPostprocessing = 0;
		};
/* End PBXResourcesBuildPhase section */

/* Begin PBXSourcesBuildPhase section */
		EB8BBAD21F208934002A2121 /* Sources */ = {
			isa = PBXSourcesBuildPhase;
			buildActionMask = 2147483647;
			files = (
				EB8BBADC1F208934002A2121 /* ViewController.swift in Sources */,
				EB8BBB081F20947A002A2121 /* SingleImageViewController.swift in Sources */,
				EB8BBADA1F208934002A2121 /* AppDelegate.swift in Sources */,
			);
			runOnlyForDeploymentPostprocessing = 0;
		};
		EB8BBAE61F208934002A2121 /* Sources */ = {
			isa = PBXSourcesBuildPhase;
			buildActionMask = 2147483647;
			files = (
				EB8BBAEF1F208934002A2121 /* SlideshowAppTests.swift in Sources */,
			);
			runOnlyForDeploymentPostprocessing = 0;
		};
		EB8BBAF11F208934002A2121 /* Sources */ = {
			isa = PBXSourcesBuildPhase;
			buildActionMask = 2147483647;
			files = (
				EB8BBAFA1F208934002A2121 /* SlideshowAppUITests.swift in Sources */,
			);
			runOnlyForDeploymentPostprocessing = 0;
		};
/* End PBXSourcesBuildPhase section */

/* Begin PBXTargetDependency section */
		EB8BBAEC1F208934002A2121 /* PBXTargetDependency */ = {
			isa = PBXTargetDependency;
			target = EB8BBAD51F208934002A2121 /* SlideshowApp */;
			targetProxy = EB8BBAEB1F208934002A2121 /* PBXContainerItemProxy */;
		};
		EB8BBAF71F208934002A2121 /* PBXTargetDependency */ = {
			isa = PBXTargetDependency;
			target = EB8BBAD51F208934002A2121 /* SlideshowApp */;
			targetProxy = EB8BBAF61F208934002A2121 /* PBXContainerItemProxy */;
		};
/* End PBXTargetDependency section */

/* Begin PBXVariantGroup section */
		EB8BBADD1F208934002A2121 /* Main.storyboard */ = {
			isa = PBXVariantGroup;
			children = (
				EB8BBADE1F208934002A2121 /* Base */,
			);
			name = Main.storyboard;
			sourceTree = "<group>";
		};
		EB8BBAE21F208934002A2121 /* LaunchScreen.storyboard */ = {
			isa = PBXVariantGroup;
			children = (
				EB8BBAE31F208934002A2121 /* Base */,
			);
			name = LaunchScreen.storyboard;
			sourceTree = "<group>";
		};
/* End PBXVariantGroup section */

/* Begin XCBuildConfiguration section */
		EB8BBAFC1F208934002A2121 /* Debug */ = {
			isa = XCBuildConfiguration;
			buildSettings = {
				ALWAYS_SEARCH_USER_PATHS = NO;
				CLANG_ANALYZER_NONNULL = YES;
				CLANG_ANALYZER_NUMBER_OBJECT_CONVERSION = YES_AGGRESSIVE;
				CLANG_CXX_LANGUAGE_STANDARD = "gnu++0x";
				CLANG_CXX_LIBRARY = "libc++";
				CLANG_ENABLE_MODULES = YES;
				CLANG_ENABLE_OBJC_ARC = YES;
				CLANG_WARN_BOOL_CONVERSION = YES;
				CLANG_WARN_CONSTANT_CONVERSION = YES;
				CLANG_WARN_DIRECT_OBJC_ISA_USAGE = YES_ERROR;
				CLANG_WARN_DOCUMENTATION_COMMENTS = YES;
				CLANG_WARN_EMPTY_BODY = YES;
				CLANG_WARN_ENUM_CONVERSION = YES;
				CLANG_WARN_INFINITE_RECURSION = YES;
				CLANG_WARN_INT_CONVERSION = YES;
				CLANG_WARN_OBJC_ROOT_CLASS = YES_ERROR;
				CLANG_WARN_SUSPICIOUS_MOVE = YES;
				CLANG_WARN_UNREACHABLE_CODE = YES;
				CLANG_WARN__DUPLICATE_METHOD_MATCH = YES;
				"CODE_SIGN_IDENTITY[sdk=iphoneos*]" = "iPhone Developer";
				COPY_PHASE_STRIP = NO;
				DEBUG_INFORMATION_FORMAT = dwarf;
				ENABLE_STRICT_OBJC_MSGSEND = YES;
				ENABLE_TESTABILITY = YES;
				GCC_C_LANGUAGE_STANDARD = gnu99;
				GCC_DYNAMIC_NO_PIC = NO;
				GCC_NO_COMMON_BLOCKS = YES;
				GCC_OPTIMIZATION_LEVEL = 0;
				GCC_PREPROCESSOR_DEFINITIONS = (
					"DEBUG=1",
					"$(inherited)",
				);
				GCC_WARN_64_TO_32_BIT_CONVERSION = YES;
				GCC_WARN_ABOUT_RETURN_TYPE = YES_ERROR;
				GCC_WARN_UNDECLARED_SELECTOR = YES;
				GCC_WARN_UNINITIALIZED_AUTOS = YES_AGGRESSIVE;
				GCC_WARN_UNUSED_FUNCTION = YES;
				GCC_WARN_UNUSED_VARIABLE = YES;
				IPHONEOS_DEPLOYMENT_TARGET = 10.3;
				MTL_ENABLE_DEBUG_INFO = YES;
				ONLY_ACTIVE_ARCH = YES;
				SDKROOT = iphoneos;
				SWIFT_ACTIVE_COMPILATION_CONDITIONS = DEBUG;
				SWIFT_OPTIMIZATION_LEVEL = "-Onone";
				TARGETED_DEVICE_FAMILY = "1,2";
			};
			name = Debug;
		};
		EB8BBAFD1F208934002A2121 /* Release */ = {
			isa = XCBuildConfiguration;
			buildSettings = {
				ALWAYS_SEARCH_USER_PATHS = NO;
				CLANG_ANALYZER_NONNULL = YES;
				CLANG_ANALYZER_NUMBER_OBJECT_CONVERSION = YES_AGGRESSIVE;
				CLANG_CXX_LANGUAGE_STANDARD = "gnu++0x";
				CLANG_CXX_LIBRARY = "libc++";
				CLANG_ENABLE_MODULES = YES;
				CLANG_ENABLE_OBJC_ARC = YES;
				CLANG_WARN_BOOL_CONVERSION = YES;
				CLANG_WARN_CONSTANT_CONVERSION = YES;
				CLANG_WARN_DIRECT_OBJC_ISA_USAGE = YES_ERROR;
				CLANG_WARN_DOCUMENTATION_COMMENTS = YES;
				CLANG_WARN_EMPTY_BODY = YES;
				CLANG_WARN_ENUM_CONVERSION = YES;
				CLANG_WARN_INFINITE_RECURSION = YES;
				CLANG_WARN_INT_CONVERSION = YES;
				CLANG_WARN_OBJC_ROOT_CLASS = YES_ERROR;
				CLANG_WARN_SUSPICIOUS_MOVE = YES;
				CLANG_WARN_UNREACHABLE_CODE = YES;
				CLANG_WARN__DUPLICATE_METHOD_MATCH = YES;
				"CODE_SIGN_IDENTITY[sdk=iphoneos*]" = "iPhone Developer";
				COPY_PHASE_STRIP = NO;
				DEBUG_INFORMATION_FORMAT = "dwarf-with-dsym";
				ENABLE_NS_ASSERTIONS = NO;
				ENABLE_STRICT_OBJC_MSGSEND = YES;
				GCC_C_LANGUAGE_STANDARD = gnu99;
				GCC_NO_COMMON_BLOCKS = YES;
				GCC_WARN_64_TO_32_BIT_CONVERSION = YES;
				GCC_WARN_ABOUT_RETURN_TYPE = YES_ERROR;
				GCC_WARN_UNDECLARED_SELECTOR = YES;
				GCC_WARN_UNINITIALIZED_AUTOS = YES_AGGRESSIVE;
				GCC_WARN_UNUSED_FUNCTION = YES;
				GCC_WARN_UNUSED_VARIABLE = YES;
				IPHONEOS_DEPLOYMENT_TARGET = 10.3;
				MTL_ENABLE_DEBUG_INFO = NO;
				SDKROOT = iphoneos;
				SWIFT_OPTIMIZATION_LEVEL = "-Owholemodule";
				TARGETED_DEVICE_FAMILY = "1,2";
				VALIDATE_PRODUCT = YES;
			};
			name = Release;
		};
		EB8BBAFF1F208934002A2121 /* Debug */ = {
			isa = XCBuildConfiguration;
			buildSettings = {
				ASSETCATALOG_COMPILER_APPICON_NAME = AppIcon;
				INFOPLIST_FILE = SlideshowApp/Info.plist;
				LD_RUNPATH_SEARCH_PATHS = "$(inherited) @executable_path/Frameworks";
				PRODUCT_BUNDLE_IDENTIFIER = jp.techacademy.DesMatsue.SlideshowApp;
				PRODUCT_NAME = "$(TARGET_NAME)";
				SWIFT_VERSION = 3.0;
			};
			name = Debug;
		};
		EB8BBB001F208934002A2121 /* Release */ = {
			isa = XCBuildConfiguration;
			buildSettings = {
				ASSETCATALOG_COMPILER_APPICON_NAME = AppIcon;
				INFOPLIST_FILE = SlideshowApp/Info.plist;
				LD_RUNPATH_SEARCH_PATHS = "$(inherited) @executable_path/Frameworks";
				PRODUCT_BUNDLE_IDENTIFIER = jp.techacademy.DesMatsue.SlideshowApp;
				PRODUCT_NAME = "$(TARGET_NAME)";
				SWIFT_VERSION = 3.0;
			};
			name = Release;
		};
		EB8BBB021F208934002A2121 /* Debug */ = {
			isa = XCBuildConfiguration;
			buildSettings = {
				ALWAYS_EMBED_SWIFT_STANDARD_LIBRARIES = YES;
				BUNDLE_LOADER = "$(TEST_HOST)";
				INFOPLIST_FILE = SlideshowAppTests/Info.plist;
				LD_RUNPATH_SEARCH_PATHS = "$(inherited) @executable_path/Frameworks @loader_path/Frameworks";
				PRODUCT_BUNDLE_IDENTIFIER = jp.techacademy.DesMatsue.SlideshowAppTests;
				PRODUCT_NAME = "$(TARGET_NAME)";
				SWIFT_VERSION = 3.0;
				TEST_HOST = "$(BUILT_PRODUCTS_DIR)/SlideshowApp.app/SlideshowApp";
			};
			name = Debug;
		};
		EB8BBB031F208934002A2121 /* Release */ = {
			isa = XCBuildConfiguration;
			buildSettings = {
				ALWAYS_EMBED_SWIFT_STANDARD_LIBRARIES = YES;
				BUNDLE_LOADER = "$(TEST_HOST)";
				INFOPLIST_FILE = SlideshowAppTests/Info.plist;
				LD_RUNPATH_SEARCH_PATHS = "$(inherited) @executable_path/Frameworks @loader_path/Frameworks";
				PRODUCT_BUNDLE_IDENTIFIER = jp.techacademy.DesMatsue.SlideshowAppTests;
				PRODUCT_NAME = "$(TARGET_NAME)";
				SWIFT_VERSION = 3.0;
				TEST_HOST = "$(BUILT_PRODUCTS_DIR)/SlideshowApp.app/SlideshowApp";
			};
			name = Release;
		};
		EB8BBB051F208934002A2121 /* Debug */ = {
			isa = XCBuildConfiguration;
			buildSettings = {
				ALWAYS_EMBED_SWIFT_STANDARD_LIBRARIES = YES;
				INFOPLIST_FILE = SlideshowAppUITests/Info.plist;
				LD_RUNPATH_SEARCH_PATHS = "$(inherited) @executable_path/Frameworks @loader_path/Frameworks";
				PRODUCT_BUNDLE_IDENTIFIER = jp.techacademy.DesMatsue.SlideshowAppUITests;
				PRODUCT_NAME = "$(TARGET_NAME)";
				SWIFT_VERSION = 3.0;
				TEST_TARGET_NAME = SlideshowApp;
			};
			name = Debug;
		};
		EB8BBB061F208934002A2121 /* Release */ = {
			isa = XCBuildConfiguration;
			buildSettings = {
				ALWAYS_EMBED_SWIFT_STANDARD_LIBRARIES = YES;
				INFOPLIST_FILE = SlideshowAppUITests/Info.plist;
				LD_RUNPATH_SEARCH_PATHS = "$(inherited) @executable_path/Frameworks @loader_path/Frameworks";
				PRODUCT_BUNDLE_IDENTIFIER = jp.techacademy.DesMatsue.SlideshowAppUITests;
				PRODUCT_NAME = "$(TARGET_NAME)";
				SWIFT_VERSION = 3.0;
				TEST_TARGET_NAME = SlideshowApp;
			};
			name = Release;
		};
/* End XCBuildConfiguration section */

/* Begin XCConfigurationList section */
		EB8BBAD11F208934002A2121 /* Build configuration list for PBXProject "SlideshowApp" */ = {
			isa = XCConfigurationList;
			buildConfigurations = (
				EB8BBAFC1F208934002A2121 /* Debug */,
				EB8BBAFD1F208934002A2121 /* Release */,
			);
			defaultConfigurationIsVisible = 0;
			defaultConfigurationName = Release;
		};
		EB8BBAFE1F208934002A2121 /* Build configuration list for PBXNativeTarget "SlideshowApp" */ = {
			isa = XCConfigurationList;
			buildConfigurations = (
				EB8BBAFF1F208934002A2121 /* Debug */,
				EB8BBB001F208934002A2121 /* Release */,
			);
			defaultConfigurationIsVisible = 0;
			defaultConfigurationName = Release;
		};
		EB8BBB011F208934002A2121 /* Build configuration list for PBXNativeTarget "SlideshowAppTests" */ = {
			isa = XCConfigurationList;
			buildConfigurations = (
				EB8BBB021F208934002A2121 /* Debug */,
				EB8BBB031F208934002A2121 /* Release */,
			);
			defaultConfigurationIsVisible = 0;
			defaultConfigurationName = Release;
		};
		EB8BBB041F208934002A2121 /* Build configuration list for PBXNativeTarget "SlideshowAppUITests" */ = {
			isa = XCConfigurationList;
			buildConfigurations = (
				EB8BBB051F208934002A2121 /* Debug */,
				EB8BBB061F208934002A2121 /* Release */,
			);
			defaultConfigurationIsVisible = 0;
			defaultConfigurationName = Release;
		};
/* End XCConfigurationList section */
	};
	rootObject = EB8BBACE1F208934002A2121 /* Project object */;
}
